
Microsoft Visual Studio Solution File, Format Version 12.00
# Visual Studio Version 17
VisualStudioVersion = 17.14.36121.58 d17.14
MinimumVisualStudioVersion = 10.0.40219.1
Project("{FAE04EC0-301F-11D3-BF4B-00C04F79EFBC}") = "AI_Clipboard_1", "AI_Clipboard_1\AI_Clipboard_1.csproj", "{28BC7DD6-B8F0-400B-AC39-2CC59CC76718}"
EndProject
Global
	GlobalSection(SolutionConfigurationPlatforms) = preSolution
		Debug|Any CPU = Debug|Any CPU
		Release|Any CPU = Release|Any CPU
	EndGlobalSection
	GlobalSection(ProjectConfigurationPlatforms) = postSolution
		{28BC7DD6-B8F0-400B-AC39-2CC59CC76718}.Debug|Any CPU.ActiveCfg = Debug|Any CPU
		{28BC7DD6-B8F0-400B-AC39-2CC59CC76718}.Debug|Any CPU.Build.0 = Debug|Any CPU
		{28BC7DD6-B8F0-400B-AC39-2CC59CC76718}.Release|Any CPU.ActiveCfg = Release|Any CPU
		{28BC7DD6-B8F0-400B-AC39-2CC59CC76718}.Release|Any CPU.Build.0 = Release|Any CPU
	EndGlobalSection
	GlobalSection(SolutionProperties) = preSolution
		HideSolutionNode = FALSE
	EndGlobalSection
	GlobalSection(ExtensibilityGlobals) = postSolution
		SolutionGuid = {0D966C76-6865-425E-AA43-55D49736A0B1}
	EndGlobalSection
EndGlobal
